
Microsoft Visual Studio Solution File, Format Version 12.00
# Visual Studio Version 17
VisualStudioVersion = 17.6.33815.320
MinimumVisualStudioVersion = 10.0.40219.1
Project("{FAE04EC0-301F-11D3-BF4B-00C04F79EFBC}") = "login_First", "login_First.csproj", "{BF857AA3-9FBD-4FAA-9E3B-A1F27D3B1184}"
EndProject
Global
	GlobalSection(SolutionConfigurationPlatforms) = preSolution
		Debug|Any CPU = Debug|Any CPU
		Release|Any CPU = Release|Any CPU
	EndGlobalSection
	GlobalSection(ProjectConfigurationPlatforms) = postSolution
		{BF857AA3-9FBD-4FAA-9E3B-A1F27D3B1184}.Debug|Any CPU.ActiveCfg = Debug|Any CPU
		{BF857AA3-9FBD-4FAA-9E3B-A1F27D3B1184}.Debug|Any CPU.Build.0 = Debug|Any CPU
		{BF857AA3-9FBD-4FAA-9E3B-A1F27D3B1184}.Release|Any CPU.ActiveCfg = Release|Any CPU
		{BF857AA3-9FBD-4FAA-9E3B-A1F27D3B1184}.Release|Any CPU.Build.0 = Release|Any CPU
	EndGlobalSection
	GlobalSection(SolutionProperties) = preSolution
		HideSolutionNode = FALSE
	EndGlobalSection
	GlobalSection(ExtensibilityGlobals) = postSolution
		SolutionGuid = {226B7E17-2777-4033-A594-D93827F2E400}
	EndGlobalSection
EndGlobal
